<Project xmlns="http://schemas.microsoft.com/developer/msbuild/2003">
    <PropertyGroup>
        <ProjectGuid>{2F709547-035D-420A-A99B-5B7AF8F86A16}</ProjectGuid>
        <ProjectVersion>15.4</ProjectVersion>
        <FrameworkType>VCL</FrameworkType>
        <MainSource>TestBed_VCL_Refactored.dpr</MainSource>
        <Base>True</Base>
        <Config Condition="'$(Config)'==''">Debug</Config>
        <Platform Condition="'$(Platform)'==''">Win32</Platform>
        <TargetedPlatforms>1</TargetedPlatforms>
        <AppType>Application</AppType>
    </PropertyGroup>
    <PropertyGroup Condition="'$(Config)'=='Base' or '$(Base)'!=''">
        <Base>true</Base>
    </PropertyGroup>
    <PropertyGroup Condition="('$(Platform)'=='Win32' and '$(Base)'=='true') or '$(Base_Win32)'!=''">
        <Base_Win32>true</Base_Win32>
        <CfgParent>Base</CfgParent>
        <Base>true</Base>
    </PropertyGroup>
    <PropertyGroup Condition="('$(Platform)'=='Win64' and '$(Base)'=='true') or '$(Base_Win64)'!=''">
        <Base_Win64>true</Base_Win64>
        <CfgParent>Base</CfgParent>
        <Base>true</Base>
    </PropertyGroup>
    <PropertyGroup Condition="'$(Config)'=='Debug' or '$(Cfg_1)'!=''">
        <Cfg_1>true</Cfg_1>
        <CfgParent>Base</CfgParent>
        <Base>true</Base>
    </PropertyGroup>
    <PropertyGroup Condition="('$(Platform)'=='Win32' and '$(Cfg_1)'=='true') or '$(Cfg_1_Win32)'!=''">
        <Cfg_1_Win32>true</Cfg_1_Win32>
        <CfgParent>Cfg_1</CfgParent>
        <Cfg_1>true</Cfg_1>
        <Base>true</Base>
    </PropertyGroup>
    <PropertyGroup Condition="'$(Config)'=='Release' or '$(Cfg_2)'!=''">
        <Cfg_2>true</Cfg_2>
        <CfgParent>Base</CfgParent>
        <Base>true</Base>
    </PropertyGroup>
    <PropertyGroup Condition="'$(Base)'!=''">
        <SanitizedProjectName>TestBed_VCL_Refactored</SanitizedProjectName>
        <DCC_Namespace>System;Xml;Data;Datasnap;Web;Soap;Vcl;Vcl.Imaging;Vcl.Touch;Vcl.Samples;Vcl.Shell;$(DCC_Namespace)</DCC_Namespace>
        <Icon_MainIcon>$(BDS)\bin\delphi_PROJECTICON.ico</Icon_MainIcon>
        <DCC_DcuOutput>.\$(Platform)\$(Config)</DCC_DcuOutput>
        <DCC_ExeOutput>.\$(Platform)\$(Config)</DCC_ExeOutput>
        <DCC_E>false</DCC_E>
        <DCC_N>false</DCC_N>
        <DCC_S>false</DCC_S>
        <DCC_F>false</DCC_F>
        <DCC_K>false</DCC_K>
    </PropertyGroup>
    <PropertyGroup Condition="'$(Base_Win32)'!=''">
        <VerInfo_IncludeVerInfo>true</VerInfo_IncludeVerInfo>
        <Manifest_File>$(BDS)\bin\default_app.manifest</Manifest_File>
        <DCC_UsePackage>FireDACSqliteDriver;rbUSER1519;DBXSqliteDriver;FireDACPgDriver;fmx;IndySystem;TeeDB;inetdbbde;vclib;DBXInterBaseDriver;DataSnapClient;DataSnapCommon;DataSnapServer;DataSnapProviderClient;DBXSybaseASEDriver;DbxCommonDriver;rbDIDE1519;vclimg;rbIBE1519;dbxcds;DatasnapConnectorsFreePascal;MetropolisUILiveTile;rbADO1519;rbFireDAC1519;vcldb;vcldsnap;fmxFireDAC;DBXDb2Driver;rbIDE1519;rbTCUI1519;DBXOracleDriver;CustomIPTransport;rbBDE1519;vclribbon;dsnap;IndyIPServer;fmxase;vcl;IndyCore;IndyIPCommon;CloudService;DBXMSSQLDriver;FmxTeeUI;FireDACIBDriver;CodeSiteExpressPkg;DataSnapFireDAC;FireDACDBXDriver;dclRBE1519;rbCIDE1519;inetdbxpress;webdsnap;dclRBDBE1519;FireDACDb2Driver;adortl;FireDACASADriver;bindcompfmx;dclRBIBE1519;vcldbx;FireDACODBCDriver;rbUSERDesign1519;rbRAP1519;rtl;dbrtl;DbxClientDriver;rbDBDE1519;FireDACCommon;bindcomp;inetdb;Tee;DBXOdbcDriver;vclFireDAC;xmlrtl;svnui;ibxpress;IndyProtocols;DBXMySQLDriver;FireDACCommonDriver;vclactnband;bindengine;soaprtl;bindcompdbx;FMXTee;TeeUI;bindcompvcl;rbDAD1519;vclie;FireDACADSDriver;vcltouch;rbTC1519;fmxinfopower;VclSmp;FireDACMSSQLDriver;FireDAC;VCLRESTComponents;Intraweb;DBXInformixDriver;rbDBE1519;DataSnapConnectors;FireDACDataSnapDriver;dclRBADO1519;dclRBFireDAC1519;dsnapcon;DBXFirebirdDriver;rbRCL1519;inet;fmxobj;FireDACMySQLDriver;vclx;rbDB1519;svn;DBXSybaseASADriver;FireDACOracleDriver;fmxdae;RESTComponents;rbRIDE1519;bdertl;dclRBBDE1519;FireDACMSAccDriver;DataSnapIndy10ServerTransport;dbexpress;IndyIPClient;$(DCC_UsePackage)</DCC_UsePackage>
        <DCC_Namespace>Winapi;System.Win;Data.Win;Datasnap.Win;Web.Win;Soap.Win;Xml.Win;Bde;$(DCC_Namespace)</DCC_Namespace>
        <VerInfo_Locale>1033</VerInfo_Locale>
        <VerInfo_Keys>CompanyName=;FileDescription=;FileVersion=1.0.0.0;InternalName=;LegalCopyright=;LegalTrademarks=;OriginalFilename=;ProductName=;ProductVersion=1.0.0.0;Comments=</VerInfo_Keys>
    </PropertyGroup>
    <PropertyGroup Condition="'$(Base_Win64)'!=''">
        <DCC_UsePackage>FireDACSqliteDriver;DBXSqliteDriver;FireDACPgDriver;fmx;IndySystem;TeeDB;vclib;DBXInterBaseDriver;DataSnapClient;DataSnapCommon;DataSnapServer;DataSnapProviderClient;DBXSybaseASEDriver;DbxCommonDriver;vclimg;dbxcds;DatasnapConnectorsFreePascal;MetropolisUILiveTile;vcldb;vcldsnap;fmxFireDAC;DBXDb2Driver;DBXOracleDriver;CustomIPTransport;vclribbon;dsnap;IndyIPServer;fmxase;vcl;IndyCore;IndyIPCommon;CloudService;DBXMSSQLDriver;FmxTeeUI;FireDACIBDriver;DataSnapFireDAC;FireDACDBXDriver;inetdbxpress;webdsnap;FireDACDb2Driver;adortl;FireDACASADriver;bindcompfmx;FireDACODBCDriver;rtl;dbrtl;DbxClientDriver;FireDACCommon;bindcomp;inetdb;Tee;DBXOdbcDriver;vclFireDAC;xmlrtl;ibxpress;IndyProtocols;DBXMySQLDriver;FireDACCommonDriver;vclactnband;bindengine;soaprtl;bindcompdbx;FMXTee;TeeUI;bindcompvcl;vclie;FireDACADSDriver;vcltouch;fmxinfopower;VclSmp;FireDACMSSQLDriver;FireDAC;VCLRESTComponents;Intraweb;DBXInformixDriver;DataSnapConnectors;FireDACDataSnapDriver;dsnapcon;DBXFirebirdDriver;inet;fmxobj;FireDACMySQLDriver;vclx;DBXSybaseASADriver;FireDACOracleDriver;fmxdae;RESTComponents;FireDACMSAccDriver;DataSnapIndy10ServerTransport;dbexpress;IndyIPClient;$(DCC_UsePackage)</DCC_UsePackage>
    </PropertyGroup>
    <PropertyGroup Condition="'$(Cfg_1)'!=''">
        <DCC_Define>DEBUG;$(DCC_Define)</DCC_Define>
        <DCC_DebugDCUs>true</DCC_DebugDCUs>
        <DCC_Optimize>false</DCC_Optimize>
        <DCC_GenerateStackFrames>true</DCC_GenerateStackFrames>
        <DCC_DebugInfoInExe>true</DCC_DebugInfoInExe>
        <DCC_RemoteDebug>true</DCC_RemoteDebug>
    </PropertyGroup>
    <PropertyGroup Condition="'$(Cfg_1_Win32)'!=''">
        <VerInfo_IncludeVerInfo>true</VerInfo_IncludeVerInfo>
        <VerInfo_Locale>1033</VerInfo_Locale>
        <DCC_RemoteDebug>false</DCC_RemoteDebug>
    </PropertyGroup>
    <PropertyGroup Condition="'$(Cfg_2)'!=''">
        <DCC_LocalDebugSymbols>false</DCC_LocalDebugSymbols>
        <DCC_Define>RELEASE;$(DCC_Define)</DCC_Define>
        <DCC_SymbolReferenceInfo>0</DCC_SymbolReferenceInfo>
        <DCC_DebugInformation>0</DCC_DebugInformation>
    </PropertyGroup>
    <ItemGroup>
        <DelphiCompile Include="$(MainSource)">
            <MainSource>MainSource</MainSource>
        </DelphiCompile>
        <DCCReference Include="UMain.pas">
            <Form>frmMain</Form>
            <FormType>dfm</FormType>
        </DCCReference>
        <DCCReference Include="..\..\OpenGL Canvas\UOpenGLCanvas.pas"/>
        <DCCReference Include="..\..\Physics2D\MSTimer.pas"/>
        <DCCReference Include="..\..\Physics2D\UPhysics2D.pas"/>
        <DCCReference Include="..\..\Physics2D\UPhysics2DControllers.pas"/>
        <DCCReference Include="..\..\Physics2D\UPhysics2DHelper.pas"/>
        <DCCReference Include="..\..\Physics2D\UPhysics2DPolygonTool.pas"/>
        <DCCReference Include="..\..\Physics2D\UPhysics2DTypes.pas"/>
        <DCCReference Include="..\TestBedShared\Tests\UAddPair.pas"/>
        <DCCReference Include="..\TestBedShared\Tests\UApplyForce.pas"/>
        <DCCReference Include="..\TestBedShared\Tests\UBodyTypes.pas"/>
        <DCCReference Include="..\TestBedShared\Tests\UBreakable.pas"/>
        <DCCReference Include="..\TestBedShared\Tests\UBridge.pas"/>
        <DCCReference Include="..\TestBedShared\Tests\UBulletTest.pas"/>
        <DCCReference Include="..\TestBedShared\Tests\UBuoyancyController.pas"/>
        <DCCReference Include="..\TestBedShared\Tests\UCantilever.pas"/>
        <DCCReference Include="..\TestBedShared\Tests\UCar.pas"/>
        <DCCReference Include="..\TestBedShared\Tests\UChain.pas"/>
        <DCCReference Include="..\TestBedShared\Tests\UCharacterCollision.pas"/>
        <DCCReference Include="..\TestBedShared\Tests\UCollisionFiltering.pas"/>
        <DCCReference Include="..\TestBedShared\Tests\UCollisionProcessing.pas"/>
        <DCCReference Include="..\TestBedShared\Tests\UCompoundShapes.pas"/>
        <DCCReference Include="..\TestBedShared\Tests\UConfined.pas"/>
        <DCCReference Include="..\TestBedShared\Tests\UContinuousTest.pas"/>
        <DCCReference Include="..\TestBedShared\Tests\UConvexHull.pas"/>
        <DCCReference Include="..\TestBedShared\Tests\UConveyorBelt.pas"/>
        <DCCReference Include="..\TestBedShared\Tests\UDistanceTest.pas"/>
        <DCCReference Include="..\TestBedShared\Tests\UDominos.pas"/>
        <DCCReference Include="..\TestBedShared\Tests\UDynamicTreeTest.pas"/>
        <DCCReference Include="..\TestBedShared\Tests\UEdgeShapes.pas"/>
        <DCCReference Include="..\TestBedShared\Tests\UEdgeTest.pas"/>
        <DCCReference Include="..\TestBedShared\Tests\UExplosion.pas"/>
        <DCCReference Include="..\TestBedShared\Tests\UGears.pas"/>
        <DCCReference Include="..\TestBedShared\Tests\UGraviation.pas"/>
        <DCCReference Include="..\TestBedShared\Tests\UMotorsAndLimits.pas"/>
        <DCCReference Include="..\TestBedShared\Tests\UOneSidedPlatform.pas"/>
        <DCCReference Include="..\TestBedShared\Tests\UPinBall.pas"/>
        <DCCReference Include="..\TestBedShared\Tests\UPolyCollision.pas"/>
        <DCCReference Include="..\TestBedShared\Tests\UPolyShapes.pas"/>
        <DCCReference Include="..\TestBedShared\Tests\UPrismatic.pas"/>
        <DCCReference Include="..\TestBedShared\Tests\UPulleys.pas"/>
        <DCCReference Include="..\TestBedShared\Tests\UPyramid.pas"/>
        <DCCReference Include="..\TestBedShared\Tests\URayCast.pas"/>
        <DCCReference Include="..\TestBedShared\Tests\URestitution.pas"/>
        <DCCReference Include="..\TestBedShared\Tests\URevolute.pas"/>
        <DCCReference Include="..\TestBedShared\Tests\URope.pas"/>
        <DCCReference Include="..\TestBedShared\Tests\URopeInWind.pas"/>
        <DCCReference Include="..\TestBedShared\Tests\URopeJoint.pas"/>
        <DCCReference Include="..\TestBedShared\Tests\USensorTest.pas"/>
        <DCCReference Include="..\TestBedShared\Tests\UShapeEditing.pas"/>
        <DCCReference Include="..\TestBedShared\Tests\USliderCrank.pas"/>
        <DCCReference Include="..\TestBedShared\Tests\USphereStack.pas"/>
        <DCCReference Include="..\TestBedShared\Tests\UTerrainBox.pas"/>
        <DCCReference Include="..\TestBedShared\Tests\UTheoJansen.pas"/>
        <DCCReference Include="..\TestBedShared\Tests\UTiles.pas"/>
        <DCCReference Include="..\TestBedShared\Tests\UTimeOfImpact.pas"/>
        <DCCReference Include="..\TestBedShared\Tests\UTumbler.pas"/>
        <DCCReference Include="..\TestBedShared\Tests\UVaryingFriction.pas"/>
        <DCCReference Include="..\TestBedShared\Tests\UVaryingRestitution.pas"/>
        <DCCReference Include="..\TestBedShared\Tests\UVerticalStack.pas"/>
        <DCCReference Include="..\TestBedShared\Tests\UWeb.pas"/>
        <DCCReference Include="..\TestBedShared\Tests\UWheelJoint.pas"/>
        <DCCReference Include="UDump.pas">
            <Form>frmDump</Form>
            <FormType>dfm</FormType>
        </DCCReference>
        <DCCReference Include="..\TestBedShared\uTestBed.pas"/>
        <DCCReference Include="..\TestBedShared\uDebugDrawerOpenGL.pas"/>
        <DCCReference Include="..\TestBedShared\uDebugDrawer.pas"/>
        <None Include="..\..\OpenGL Canvas\OpenGLCanvas.inc"/>
        <None Include="..\..\Physics2D\Physics2D.inc"/>
        <BuildConfiguration Include="Release">
            <Key>Cfg_2</Key>
            <CfgParent>Base</CfgParent>
        </BuildConfiguration>
        <BuildConfiguration Include="Base">
            <Key>Base</Key>
        </BuildConfiguration>
        <BuildConfiguration Include="Debug">
            <Key>Cfg_1</Key>
            <CfgParent>Base</CfgParent>
        </BuildConfiguration>
    </ItemGroup>
    <ProjectExtensions>
        <Borland.Personality>Delphi.Personality.12</Borland.Personality>
        <Borland.ProjectType/>
        <BorlandProject>
            <Delphi.Personality>
                <VersionInfo>
                    <VersionInfo Name="IncludeVerInfo">False</VersionInfo>
                    <VersionInfo Name="AutoIncBuild">False</VersionInfo>
                    <VersionInfo Name="MajorVer">1</VersionInfo>
                    <VersionInfo Name="MinorVer">0</VersionInfo>
                    <VersionInfo Name="Release">0</VersionInfo>
                    <VersionInfo Name="Build">0</VersionInfo>
                    <VersionInfo Name="Debug">False</VersionInfo>
                    <VersionInfo Name="PreRelease">False</VersionInfo>
                    <VersionInfo Name="Special">False</VersionInfo>
                    <VersionInfo Name="Private">False</VersionInfo>
                    <VersionInfo Name="DLL">False</VersionInfo>
                    <VersionInfo Name="Locale">1033</VersionInfo>
                    <VersionInfo Name="CodePage">1252</VersionInfo>
                </VersionInfo>
                <VersionInfoKeys>
                    <VersionInfoKeys Name="CompanyName"/>
                    <VersionInfoKeys Name="FileDescription"/>
                    <VersionInfoKeys Name="FileVersion">1.0.0.0</VersionInfoKeys>
                    <VersionInfoKeys Name="InternalName"/>
                    <VersionInfoKeys Name="LegalCopyright"/>
                    <VersionInfoKeys Name="LegalTrademarks"/>
                    <VersionInfoKeys Name="OriginalFilename"/>
                    <VersionInfoKeys Name="ProductName"/>
                    <VersionInfoKeys Name="ProductVersion">1.0.0.0</VersionInfoKeys>
                    <VersionInfoKeys Name="Comments"/>
                    <VersionInfoKeys Name="CFBundleName"/>
                    <VersionInfoKeys Name="CFBundleDisplayName"/>
                    <VersionInfoKeys Name="UIDeviceFamily"/>
                    <VersionInfoKeys Name="CFBundleIdentifier"/>
                    <VersionInfoKeys Name="CFBundleVersion"/>
                    <VersionInfoKeys Name="CFBundlePackageType"/>
                    <VersionInfoKeys Name="CFBundleSignature"/>
                    <VersionInfoKeys Name="CFBundleAllowMixedLocalizations"/>
                    <VersionInfoKeys Name="UISupportedInterfaceOrientations"/>
                    <VersionInfoKeys Name="CFBundleExecutable"/>
                    <VersionInfoKeys Name="CFBundleResourceSpecification"/>
                    <VersionInfoKeys Name="LSRequiresIPhoneOS"/>
                    <VersionInfoKeys Name="CFBundleInfoDictionaryVersion"/>
                    <VersionInfoKeys Name="CFBundleDevelopmentRegion"/>
                    <VersionInfoKeys Name="package"/>
                    <VersionInfoKeys Name="label"/>
                    <VersionInfoKeys Name="versionCode"/>
                    <VersionInfoKeys Name="versionName"/>
                    <VersionInfoKeys Name="persistent"/>
                    <VersionInfoKeys Name="restoreAnyVersion"/>
                    <VersionInfoKeys Name="installLocation"/>
                    <VersionInfoKeys Name="largeHeap"/>
                    <VersionInfoKeys Name="theme"/>
                </VersionInfoKeys>
                <Source>
                    <Source Name="MainSource">TestBed_VCL_Refactored.dpr</Source>
                </Source>
                <Excluded_Packages>
                    <Excluded_Packages Name="$(BDSBIN)\bcboffice2k190.bpl">Embarcadero C++Builder Office 2000 Servers Package</Excluded_Packages>
                    <Excluded_Packages Name="$(BDSBIN)\bcbofficexp190.bpl">Embarcadero C++Builder Office XP Servers Package</Excluded_Packages>
                    <Excluded_Packages Name="$(BDSBIN)\dcloffice2k190.bpl">Microsoft Office 2000 Sample Automation Server Wrapper Components</Excluded_Packages>
                    <Excluded_Packages Name="$(BDSBIN)\dclofficexp190.bpl">Microsoft Office XP Sample Automation Server Wrapper Components</Excluded_Packages>
                </Excluded_Packages>
            </Delphi.Personality>
            <Deployment/>
            <Platforms>
                <Platform value="Win32">True</Platform>
                <Platform value="Win64">False</Platform>
            </Platforms>
        </BorlandProject>
        <ProjectFileVersion>12</ProjectFileVersion>
    </ProjectExtensions>
    <Import Project="$(BDS)\Bin\CodeGear.Delphi.Targets" Condition="Exists('$(BDS)\Bin\CodeGear.Delphi.Targets')"/>
    <Import Project="$(APPDATA)\Embarcadero\$(BDSAPPDATABASEDIR)\$(PRODUCTVERSION)\UserTools.proj" Condition="Exists('$(APPDATA)\Embarcadero\$(BDSAPPDATABASEDIR)\$(PRODUCTVERSION)\UserTools.proj')"/>
</Project>
